# This file is autogenerated, do not edit; changes may be undone by the next 'dep ensure'.


[[projects]]
  digest = "1:9a6358c4f3c69b1fb48d03bb48c2d4bc19ef019ae9f3c32c0ab6b2d1e9c64ec0"
  name = "github.com/ashwanthkumar/slack-go-webhook"
  packages = ["."]
  pruneopts = "UT"
  revision = "2a72312a9c794eaa3d4844c73d766b38e30da749"
  version = "v0.3"

[[projects]]
  digest = "1:bac714a0e5e02c9fc92e7868c70a43c58b00bc2c746e15e6f695c18f4bec94e7"
  name = "github.com/codelingo/cayley"
  packages = [
    "quad",
    "voc",
    "voc/schema",
  ]
  pruneopts = "UT"
  revision = "55420359f7e547bdbab676cd0cd328c81bb04d7f"

[[projects]]
  digest = "1:6df2655c8899b9eb0d45e7b21d6b18149e14eb0e961b195b1e76ec96c7299300"
  name = "github.com/codelingo/lingo"
  packages = ["service/config"]
  pruneopts = "UT"
  revision = "1fea2ca002779bbd9733e9b271a06d91fd76c93c"
  version = "v0.7.3"

[[projects]]
  digest = "1:eb7a2b784fcbf51fa43a6e1b51c1e7243f726a40efd3bd939ee2136e7e11211f"
  name = "github.com/codelingo/platform"
  packages = [
    "controller/constants",
    "util",
  ]
  pruneopts = "UT"
  revision = "c324b2dc26162e3d54ea75ea8025d20bc19796bb"
  version = "v0.1.11-staging"

[[projects]]
  digest = "1:97df918963298c287643883209a2c3f642e6593379f97ab400c2a2e219ab647d"
  name = "github.com/golang/protobuf"
  packages = ["proto"]
  pruneopts = "UT"
  revision = "aa810b61a9c79d51363740d207bb46cf8e620ed5"
  version = "v1.2.0"

[[projects]]
  digest = "1:ff98bd3732a981a61d88dce04d0ab8e05e5ad46fe67cbc2e107fcb8250ba68f1"
  name = "github.com/google/go-github"
  packages = ["github"]
  pruneopts = "UT"
  revision = "1c3f0aaee1ce742b655f1ba8f33740103e904c5c"
  version = "v24.0.0"

[[projects]]
  digest = "1:a63cff6b5d8b95638bfe300385d93b2a6d9d687734b863da8e09dc834510a690"
  name = "github.com/google/go-querystring"
  packages = ["query"]
  pruneopts = "UT"
  revision = "44c6ddd0a2342c386950e880b658017258da92fc"
  version = "v1.0.0"

[[projects]]
  branch = "master"
  digest = "1:c332ef8a8f0eec41f75f8f39c885f650dab0c3de426bde6b37fff6a823feab25"
  name = "github.com/hishboy/gocommons"
  packages = ["lang"]
  pruneopts = "UT"
  revision = "89887b2ade6d89e3b322e2e3c8e337ad5c6a447b"

[[projects]]
  branch = "master"
  digest = "1:60835a4fa946b3c4b595438a07d447305ed4fc9ce95a7a5d0c06ffeea490d5a9"
  name = "github.com/juju/errors"
  packages = ["."]
  pruneopts = "UT"
  revision = "e65537c515d77e35697c471d6c2755375cb3adc4"

[[projects]]
  digest = "1:7aefb397a53fc437c90f0fdb3e1419c751c5a3a165ced52325d5d797edf1aca6"
  name = "github.com/moul/http2curl"
  packages = ["."]
  pruneopts = "UT"
  revision = "9ac6cf4d929b2fa8fd2d2e6dec5bb0feb4f4911d"
  version = "v1.0.0"

[[projects]]
  digest = "1:d776f3e95774a8719f2e57fabbbb33103035fe072dcf6f1864f33abd17b753e5"
  name = "github.com/parnurzeal/gorequest"
  packages = ["."]
  pruneopts = "UT"
  revision = "a578a48e8d6ca8b01a3b18314c43c6716bb5f5a3"
  version = "v0.2.15"

[[projects]]
  digest = "1:cf31692c14422fa27c83a05292eb5cbe0fb2775972e8f1f8446a71549bd8980b"
  name = "github.com/pkg/errors"
  packages = ["."]
  pruneopts = "UT"
  revision = "ba968bfe8b2f7e042a574c888954fccecfa385b4"
  version = "v0.8.1"

[[projects]]
  digest = "1:3dc31afac5daebc3d6f7e9d8749ee5c3fba79483ce9d0945de01716d033c6ff4"
  name = "go.uber.org/atomic"
  packages = ["."]
  pruneopts = "UT"
  revision = "0c9e689d64f004564b79d9a663634756df322902"
  version = "v1.0.0"

[[projects]]
  digest = "1:ac5094067a4fa40c59a29f47b96e6b76f73efb9e269b3e930fc7ddf782fd54a1"
  name = "go.uber.org/zap"
  packages = [
    ".",
    "buffer",
    "internal/bufferpool",
    "internal/color",
    "internal/exit",
    "internal/multierror",
    "zapcore",
  ]
  pruneopts = "UT"
  revision = "1550bc05539134bbf8612a35f34a79ab8bf34ee3"
  version = "v1.2.0"

[[projects]]
  branch = "master"
  digest = "1:ac4a19f82e36155ce1a5880a270b8402a8e9871eea9a2b5c2d532de1d329590e"
  name = "golang.org/x/net"
  packages = [
    "context",
    "context/ctxhttp",
    "idna",
    "publicsuffix",
  ]
  pruneopts = "UT"
  revision = "3a22650c66bd7f4fb6d1e8072ffd7b75c8a27898"

[[projects]]
  branch = "master"
  digest = "1:c664d4451770ebc9ab63d54bccb9e4f2c6106cde7e566ea02889930b836c7d4c"
  name = "golang.org/x/oauth2"
  packages = [
    ".",
    "internal",
  ]
  pruneopts = "UT"
  revision = "4b83411ed2b36bd4e3302e9b1d3c973fb1ba24db"

[[projects]]
  digest = "1:a2ab62866c75542dd18d2b069fec854577a20211d7c0ea6ae746072a1dccdd18"
  name = "golang.org/x/text"
  packages = [
    "collate",
    "collate/build",
    "internal/colltab",
    "internal/gen",
    "internal/tag",
    "internal/triegen",
    "internal/ucd",
    "language",
    "secure/bidirule",
    "transform",
    "unicode/bidi",
    "unicode/cldr",
    "unicode/norm",
    "unicode/rangetable",
  ]
  pruneopts = "UT"
  revision = "f21a4dfb5e38f5895301dc265a8def02365cc3d0"
  version = "v0.3.0"

[[projects]]
  digest = "1:6f3bd49ddf2e104e52062774d797714371fac1b8bddfd8e124ce78e6b2264a10"
  name = "google.golang.org/appengine"
  packages = [
    "internal",
    "internal/base",
    "internal/datastore",
    "internal/log",
    "internal/remote_api",
    "internal/urlfetch",
    "urlfetch",
  ]
  pruneopts = "UT"
  revision = "e9657d882bb81064595ca3b56cbe2546bbabf7b1"
  version = "v1.4.0"

[[projects]]
  digest = "1:4d2e5a73dc1500038e504a8d78b986630e3626dc027bc030ba5c75da257cdb96"
  name = "gopkg.in/yaml.v2"
  packages = ["."]
  pruneopts = "UT"
  revision = "51d6538a90f86fe93ac480b35f37b2be17fef232"
  version = "v2.2.2"

[solve-meta]
  analyzer-name = "dep"
  analyzer-version = 1
  input-imports = [
    "github.com/ashwanthkumar/slack-go-webhook",
    "github.com/codelingo/platform/util",
    "github.com/google/go-github/github",
    "github.com/juju/errors",
    "golang.org/x/oauth2",
  ]
  solver-name = "gps-cdcl"
  solver-version = 1
